
Microsoft Visual Studio Solution File, Format Version 12.00
# Visual Studio Version 17
VisualStudioVersion = 17.9.34728.123
MinimumVisualStudioVersion = 10.0.40219.1
Project("{FAE04EC0-301F-11D3-BF4B-00C04F79EFBC}") = "IKTProject1", "IKTProject1\IKTProject1.csproj", "{ACC62ABA-0DAC-4E95-A1D8-4DEF209ABB13}"
EndProject
Global
	GlobalSection(SolutionConfigurationPlatforms) = preSolution
		Debug|Any CPU = Debug|Any CPU
		Release|Any CPU = Release|Any CPU
	EndGlobalSection
	GlobalSection(ProjectConfigurationPlatforms) = postSolution
		{ACC62ABA-0DAC-4E95-A1D8-4DEF209ABB13}.Debug|Any CPU.ActiveCfg = Debug|Any CPU
		{ACC62ABA-0DAC-4E95-A1D8-4DEF209ABB13}.Debug|Any CPU.Build.0 = Debug|Any CPU
		{ACC62ABA-0DAC-4E95-A1D8-4DEF209ABB13}.Release|Any CPU.ActiveCfg = Release|Any CPU
		{ACC62ABA-0DAC-4E95-A1D8-4DEF209ABB13}.Release|Any CPU.Build.0 = Release|Any CPU
	EndGlobalSection
	GlobalSection(SolutionProperties) = preSolution
		HideSolutionNode = FALSE
	EndGlobalSection
	GlobalSection(ExtensibilityGlobals) = postSolution
		SolutionGuid = {3A478D86-318A-4155-8B48-0C2D17742DEB}
	EndGlobalSection
EndGlobal
